
Microsoft Visual Studio Solution File, Format Version 12.00
# Visual Studio Version 17
VisualStudioVersion = 17.9.34728.123
MinimumVisualStudioVersion = 10.0.40219.1
Project("{8BC9CEB8-8B4A-11D0-8D11-00A0C91BC942}") = "Ych240514", "Ych240514.vcxproj", "{AE562A3C-FEC3-4383-9CEA-16591DFE71F1}"
EndProject
Global
	GlobalSection(SolutionConfigurationPlatforms) = preSolution
		Debug|x64 = Debug|x64
		Debug|x86 = Debug|x86
		Release|x64 = Release|x64
		Release|x86 = Release|x86
	EndGlobalSection
	GlobalSection(ProjectConfigurationPlatforms) = postSolution
		{AE562A3C-FEC3-4383-9CEA-16591DFE71F1}.Debug|x64.ActiveCfg = Debug|x64
		{AE562A3C-FEC3-4383-9CEA-16591DFE71F1}.Debug|x64.Build.0 = Debug|x64
		{AE562A3C-FEC3-4383-9CEA-16591DFE71F1}.Debug|x86.ActiveCfg = Debug|Win32
		{AE562A3C-FEC3-4383-9CEA-16591DFE71F1}.Debug|x86.Build.0 = Debug|Win32
		{AE562A3C-FEC3-4383-9CEA-16591DFE71F1}.Release|x64.ActiveCfg = Release|x64
		{AE562A3C-FEC3-4383-9CEA-16591DFE71F1}.Release|x64.Build.0 = Release|x64
		{AE562A3C-FEC3-4383-9CEA-16591DFE71F1}.Release|x86.ActiveCfg = Release|Win32
		{AE562A3C-FEC3-4383-9CEA-16591DFE71F1}.Release|x86.Build.0 = Release|Win32
	EndGlobalSection
	GlobalSection(SolutionProperties) = preSolution
		HideSolutionNode = FALSE
	EndGlobalSection
	GlobalSection(ExtensibilityGlobals) = postSolution
		SolutionGuid = {15B063B5-3E00-4DD7-A69D-FBE42AE39E88}
	EndGlobalSection
EndGlobal
